// !$*UTF8*$!
{
	archiveVersion = 1;
	classes = {
	};
	objectVersion = 50;
	objects = {

/* Begin PBXBuildFile section */
		6FEC2C3725B5E6F0002C6792 /* Guardian_UI.framework in Frameworks */ = {isa = PBXBuildFile; fileRef = 6FEC2C2D25B5E6F0002C6792 /* Guardian_UI.framework */; };
		6FEC2C3C25B5E6F0002C6792 /* Guardian_UITests.swift in Sources */ = {isa = PBXBuildFile; fileRef = 6FEC2C3B25B5E6F0002C6792 /* Guardian_UITests.swift */; };
		6FEC2C3E25B5E6F0002C6792 /* Guardian_UI.h in Headers */ = {isa = PBXBuildFile; fileRef = 6FEC2C3025B5E6F0002C6792 /* Guardian_UI.h */; settings = {ATTRIBUTES = (Public, ); }; };
		6FEC2C6625B5E717002C6792 /* FeedPresenter.swift in Sources */ = {isa = PBXBuildFile; fileRef = 6FEC2C4A25B5E717002C6792 /* FeedPresenter.swift */; };
		6FEC2C6725B5E718002C6792 /* FeedItemPresenter.swift in Sources */ = {isa = PBXBuildFile; fileRef = 6FEC2C4B25B5E717002C6792 /* FeedItemPresenter.swift */; };
		6FEC2C6825B5E718002C6792 /* FeedViewPresenter.swift in Sources */ = {isa = PBXBuildFile; fileRef = 6FEC2C4C25B5E717002C6792 /* FeedViewPresenter.swift */; };
		6FEC2C6925B5E718002C6792 /* FeedItemCellController.swift in Sources */ = {isa = PBXBuildFile; fileRef = 6FEC2C4E25B5E717002C6792 /* FeedItemCellController.swift */; };
		6FEC2C6A25B5E718002C6792 /* FeedViewController.swift in Sources */ = {isa = PBXBuildFile; fileRef = 6FEC2C4F25B5E717002C6792 /* FeedViewController.swift */; };
		6FEC2C6B25B5E718002C6792 /* FeedItemCell.swift in Sources */ = {isa = PBXBuildFile; fileRef = 6FEC2C5125B5E717002C6792 /* FeedItemCell.swift */; };
		6FEC2C6C25B5E718002C6792 /* FeedStoryboard.storyboard in Resources */ = {isa = PBXBuildFile; fileRef = 6FEC2C5225B5E717002C6792 /* FeedStoryboard.storyboard */; };
		6FEC2C6D25B5E718002C6792 /* UIImageView+Animations.swift in Sources */ = {isa = PBXBuildFile; fileRef = 6FEC2C5425B5E717002C6792 /* UIImageView+Animations.swift */; };
		6FEC2C6E25B5E718002C6792 /* UITableView+Dequeueing.swift in Sources */ = {isa = PBXBuildFile; fileRef = 6FEC2C5525B5E717002C6792 /* UITableView+Dequeueing.swift */; };
		6FEC2C6F25B5E718002C6792 /* UIRefreshControl+Helpers.swift in Sources */ = {isa = PBXBuildFile; fileRef = 6FEC2C5625B5E717002C6792 /* UIRefreshControl+Helpers.swift */; };
		6FEC2C7025B5E718002C6792 /* UIView+Shimmering.swift in Sources */ = {isa = PBXBuildFile; fileRef = 6FEC2C5725B5E717002C6792 /* UIView+Shimmering.swift */; };
		6FEC2C7125B5E718002C6792 /* ErrorView.swift in Sources */ = {isa = PBXBuildFile; fileRef = 6FEC2C5825B5E717002C6792 /* ErrorView.swift */; };
		6FEC2C7225B5E718002C6792 /* FeedCellInteractor.swift in Sources */ = {isa = PBXBuildFile; fileRef = 6FEC2C5A25B5E717002C6792 /* FeedCellInteractor.swift */; };
		6FEC2C7325B5E718002C6792 /* FeedInteractor.swift in Sources */ = {isa = PBXBuildFile; fileRef = 6FEC2C5B25B5E717002C6792 /* FeedInteractor.swift */; };
		6FEC2C7425B5E718002C6792 /* MainQueueDispatchDecorator.swift in Sources */ = {isa = PBXBuildFile; fileRef = 6FEC2C5D25B5E717002C6792 /* MainQueueDispatchDecorator.swift */; };
		6FEC2C7525B5E718002C6792 /* WeakRefVirtualProxy.swift in Sources */ = {isa = PBXBuildFile; fileRef = 6FEC2C5E25B5E717002C6792 /* WeakRefVirtualProxy.swift */; };
		6FEC2C7625B5E718002C6792 /* FeedUIComposer.swift in Sources */ = {isa = PBXBuildFile; fileRef = 6FEC2C5F25B5E717002C6792 /* FeedUIComposer.swift */; };
		6FEC2C7725B5E718002C6792 /* FeedLoadingViewModel.swift in Sources */ = {isa = PBXBuildFile; fileRef = 6FEC2C6125B5E717002C6792 /* FeedLoadingViewModel.swift */; };
		6FEC2C7825B5E718002C6792 /* FeedItemViewModel.swift in Sources */ = {isa = PBXBuildFile; fileRef = 6FEC2C6225B5E717002C6792 /* FeedItemViewModel.swift */; };
		6FEC2C7925B5E718002C6792 /* FeedViewModel.swift in Sources */ = {isa = PBXBuildFile; fileRef = 6FEC2C6325B5E717002C6792 /* FeedViewModel.swift */; };
		6FEC2C7A25B5E718002C6792 /* FeedErrorViewModel.swift in Sources */ = {isa = PBXBuildFile; fileRef = 6FEC2C6425B5E717002C6792 /* FeedErrorViewModel.swift */; };
		6FEC2C7B25B5E718002C6792 /* Feed.strings in Resources */ = {isa = PBXBuildFile; fileRef = 6FEC2C6525B5E717002C6792 /* Feed.strings */; };
		6FEC2CAA25B5E8B3002C6792 /* GuardianCore.framework in Frameworks */ = {isa = PBXBuildFile; fileRef = 6FEC2CA925B5E8B3002C6792 /* GuardianCore.framework */; };
		6FEC2CAB25B5E8B3002C6792 /* GuardianCore.framework in Embed Frameworks */ = {isa = PBXBuildFile; fileRef = 6FEC2CA925B5E8B3002C6792 /* GuardianCore.framework */; settings = {ATTRIBUTES = (CodeSignOnCopy, RemoveHeadersOnCopy, ); }; };
		6FEC2CC825B5EEBC002C6792 /* Date+formatter.swift in Sources */ = {isa = PBXBuildFile; fileRef = 6FEC2CC725B5EEBC002C6792 /* Date+formatter.swift */; };
		6FEC2CCC25B61E08002C6792 /* FeedDetailViewController.swift in Sources */ = {isa = PBXBuildFile; fileRef = 6FEC2CCB25B61E07002C6792 /* FeedDetailViewController.swift */; };
		6FEC2CCF25B61E75002C6792 /* FeedDetailInteractor.swift in Sources */ = {isa = PBXBuildFile; fileRef = 6FEC2CCE25B61E75002C6792 /* FeedDetailInteractor.swift */; };
		6FEC2CD325B61FD6002C6792 /* FeedDetailViewPresenter.swift in Sources */ = {isa = PBXBuildFile; fileRef = 6FEC2CD225B61FD6002C6792 /* FeedDetailViewPresenter.swift */; };
		6FEC2CD825B62041002C6792 /* FeedDetailViewModel.swift in Sources */ = {isa = PBXBuildFile; fileRef = 6FEC2CD725B62041002C6792 /* FeedDetailViewModel.swift */; };
		6FEC2CDB25B62499002C6792 /* FeedDetailPresenter.swift in Sources */ = {isa = PBXBuildFile; fileRef = 6FEC2CDA25B62499002C6792 /* FeedDetailPresenter.swift */; };
		6FEC2CF125B63689002C6792 /* feedRouter.swift in Sources */ = {isa = PBXBuildFile; fileRef = 6FEC2CF025B63689002C6792 /* feedRouter.swift */; };
/* End PBXBuildFile section */

/* Begin PBXContainerItemProxy section */
		6FEC2C3825B5E6F0002C6792 /* PBXContainerItemProxy */ = {
			isa = PBXContainerItemProxy;
			containerPortal = 6FEC2C2425B5E6F0002C6792 /* Project object */;
			proxyType = 1;
			remoteGlobalIDString = 6FEC2C2C25B5E6F0002C6792;
			remoteInfo = "Guardian-UI";
		};
/* End PBXContainerItemProxy section */

/* Begin PBXCopyFilesBuildPhase section */
		6FEC2CAC25B5E8B3002C6792 /* Embed Frameworks */ = {
			isa = PBXCopyFilesBuildPhase;
			buildActionMask = 2147483647;
			dstPath = "";
			dstSubfolderSpec = 10;
			files = (
				6FEC2CAB25B5E8B3002C6792 /* GuardianCore.framework in Embed Frameworks */,
			);
			name = "Embed Frameworks";
			runOnlyForDeploymentPostprocessing = 0;
		};
/* End PBXCopyFilesBuildPhase section */

/* Begin PBXFileReference section */
		6FEC2C2D25B5E6F0002C6792 /* Guardian_UI.framework */ = {isa = PBXFileReference; explicitFileType = wrapper.framework; includeInIndex = 0; path = Guardian_UI.framework; sourceTree = BUILT_PRODUCTS_DIR; };
		6FEC2C3025B5E6F0002C6792 /* Guardian_UI.h */ = {isa = PBXFileReference; lastKnownFileType = sourcecode.c.h; path = Guardian_UI.h; sourceTree = "<group>"; };
		6FEC2C3125B5E6F0002C6792 /* Info.plist */ = {isa = PBXFileReference; lastKnownFileType = text.plist.xml; path = Info.plist; sourceTree = "<group>"; };
		6FEC2C3625B5E6F0002C6792 /* Guardian-UITests.xctest */ = {isa = PBXFileReference; explicitFileType = wrapper.cfbundle; includeInIndex = 0; path = "Guardian-UITests.xctest"; sourceTree = BUILT_PRODUCTS_DIR; };
		6FEC2C3B25B5E6F0002C6792 /* Guardian_UITests.swift */ = {isa = PBXFileReference; lastKnownFileType = sourcecode.swift; path = Guardian_UITests.swift; sourceTree = "<group>"; };
		6FEC2C3D25B5E6F0002C6792 /* Info.plist */ = {isa = PBXFileReference; lastKnownFileType = text.plist.xml; path = Info.plist; sourceTree = "<group>"; };
		6FEC2C4A25B5E717002C6792 /* FeedPresenter.swift */ = {isa = PBXFileReference; fileEncoding = 4; lastKnownFileType = sourcecode.swift; path = FeedPresenter.swift; sourceTree = "<group>"; };
		6FEC2C4B25B5E717002C6792 /* FeedItemPresenter.swift */ = {isa = PBXFileReference; fileEncoding = 4; lastKnownFileType = sourcecode.swift; path = FeedItemPresenter.swift; sourceTree = "<group>"; };
		6FEC2C4C25B5E717002C6792 /* FeedViewPresenter.swift */ = {isa = PBXFileReference; fileEncoding = 4; lastKnownFileType = sourcecode.swift; path = FeedViewPresenter.swift; sourceTree = "<group>"; };
		6FEC2C4E25B5E717002C6792 /* FeedItemCellController.swift */ = {isa = PBXFileReference; fileEncoding = 4; lastKnownFileType = sourcecode.swift; path = FeedItemCellController.swift; sourceTree = "<group>"; };
		6FEC2C4F25B5E717002C6792 /* FeedViewController.swift */ = {isa = PBXFileReference; fileEncoding = 4; lastKnownFileType = sourcecode.swift; path = FeedViewController.swift; sourceTree = "<group>"; };
		6FEC2C5125B5E717002C6792 /* FeedItemCell.swift */ = {isa = PBXFileReference; fileEncoding = 4; lastKnownFileType = sourcecode.swift; path = FeedItemCell.swift; sourceTree = "<group>"; };
		6FEC2C5225B5E717002C6792 /* FeedStoryboard.storyboard */ = {isa = PBXFileReference; fileEncoding = 4; lastKnownFileType = file.storyboard; path = FeedStoryboard.storyboard; sourceTree = "<group>"; };
		6FEC2C5425B5E717002C6792 /* UIImageView+Animations.swift */ = {isa = PBXFileReference; fileEncoding = 4; lastKnownFileType = sourcecode.swift; path = "UIImageView+Animations.swift"; sourceTree = "<group>"; };
		6FEC2C5525B5E717002C6792 /* UITableView+Dequeueing.swift */ = {isa = PBXFileReference; fileEncoding = 4; lastKnownFileType = sourcecode.swift; path = "UITableView+Dequeueing.swift"; sourceTree = "<group>"; };
		6FEC2C5625B5E717002C6792 /* UIRefreshControl+Helpers.swift */ = {isa = PBXFileReference; fileEncoding = 4; lastKnownFileType = sourcecode.swift; path = "UIRefreshControl+Helpers.swift"; sourceTree = "<group>"; };
		6FEC2C5725B5E717002C6792 /* UIView+Shimmering.swift */ = {isa = PBXFileReference; fileEncoding = 4; lastKnownFileType = sourcecode.swift; path = "UIView+Shimmering.swift"; sourceTree = "<group>"; };
		6FEC2C5825B5E717002C6792 /* ErrorView.swift */ = {isa = PBXFileReference; fileEncoding = 4; lastKnownFileType = sourcecode.swift; path = ErrorView.swift; sourceTree = "<group>"; };
		6FEC2C5A25B5E717002C6792 /* FeedCellInteractor.swift */ = {isa = PBXFileReference; fileEncoding = 4; lastKnownFileType = sourcecode.swift; path = FeedCellInteractor.swift; sourceTree = "<group>"; };
		6FEC2C5B25B5E717002C6792 /* FeedInteractor.swift */ = {isa = PBXFileReference; fileEncoding = 4; lastKnownFileType = sourcecode.swift; path = FeedInteractor.swift; sourceTree = "<group>"; };
		6FEC2C5D25B5E717002C6792 /* MainQueueDispatchDecorator.swift */ = {isa = PBXFileReference; fileEncoding = 4; lastKnownFileType = sourcecode.swift; path = MainQueueDispatchDecorator.swift; sourceTree = "<group>"; };
		6FEC2C5E25B5E717002C6792 /* WeakRefVirtualProxy.swift */ = {isa = PBXFileReference; fileEncoding = 4; lastKnownFileType = sourcecode.swift; path = WeakRefVirtualProxy.swift; sourceTree = "<group>"; };
		6FEC2C5F25B5E717002C6792 /* FeedUIComposer.swift */ = {isa = PBXFileReference; fileEncoding = 4; lastKnownFileType = sourcecode.swift; path = FeedUIComposer.swift; sourceTree = "<group>"; };
		6FEC2C6125B5E717002C6792 /* FeedLoadingViewModel.swift */ = {isa = PBXFileReference; fileEncoding = 4; lastKnownFileType = sourcecode.swift; path = FeedLoadingViewModel.swift; sourceTree = "<group>"; };
		6FEC2C6225B5E717002C6792 /* FeedItemViewModel.swift */ = {isa = PBXFileReference; fileEncoding = 4; lastKnownFileType = sourcecode.swift; path = FeedItemViewModel.swift; sourceTree = "<group>"; };
		6FEC2C6325B5E717002C6792 /* FeedViewModel.swift */ = {isa = PBXFileReference; fileEncoding = 4; lastKnownFileType = sourcecode.swift; path = FeedViewModel.swift; sourceTree = "<group>"; };
		6FEC2C6425B5E717002C6792 /* FeedErrorViewModel.swift */ = {isa = PBXFileReference; fileEncoding = 4; lastKnownFileType = sourcecode.swift; path = FeedErrorViewModel.swift; sourceTree = "<group>"; };
		6FEC2C6525B5E717002C6792 /* Feed.strings */ = {isa = PBXFileReference; fileEncoding = 4; lastKnownFileType = text.plist.strings; path = Feed.strings; sourceTree = "<group>"; };
		6FEC2CA925B5E8B3002C6792 /* GuardianCore.framework */ = {isa = PBXFileReference; explicitFileType = wrapper.framework; path = GuardianCore.framework; sourceTree = BUILT_PRODUCTS_DIR; };
		6FEC2CC725B5EEBC002C6792 /* Date+formatter.swift */ = {isa = PBXFileReference; lastKnownFileType = sourcecode.swift; path = "Date+formatter.swift"; sourceTree = "<group>"; };
		6FEC2CCB25B61E07002C6792 /* FeedDetailViewController.swift */ = {isa = PBXFileReference; lastKnownFileType = sourcecode.swift; path = FeedDetailViewController.swift; sourceTree = "<group>"; };
		6FEC2CCE25B61E75002C6792 /* FeedDetailInteractor.swift */ = {isa = PBXFileReference; lastKnownFileType = sourcecode.swift; path = FeedDetailInteractor.swift; sourceTree = "<group>"; };
		6FEC2CD225B61FD6002C6792 /* FeedDetailViewPresenter.swift */ = {isa = PBXFileReference; lastKnownFileType = sourcecode.swift; path = FeedDetailViewPresenter.swift; sourceTree = "<group>"; };
		6FEC2CD725B62041002C6792 /* FeedDetailViewModel.swift */ = {isa = PBXFileReference; lastKnownFileType = sourcecode.swift; path = FeedDetailViewModel.swift; sourceTree = "<group>"; };
		6FEC2CDA25B62499002C6792 /* FeedDetailPresenter.swift */ = {isa = PBXFileReference; lastKnownFileType = sourcecode.swift; path = FeedDetailPresenter.swift; sourceTree = "<group>"; };
		6FEC2CF025B63689002C6792 /* feedRouter.swift */ = {isa = PBXFileReference; lastKnownFileType = sourcecode.swift; path = feedRouter.swift; sourceTree = "<group>"; };
/* End PBXFileReference section */

/* Begin PBXFrameworksBuildPhase section */
		6FEC2C2A25B5E6F0002C6792 /* Frameworks */ = {
			isa = PBXFrameworksBuildPhase;
			buildActionMask = 2147483647;
			files = (
				6FEC2CAA25B5E8B3002C6792 /* GuardianCore.framework in Frameworks */,
			);
			runOnlyForDeploymentPostprocessing = 0;
		};
		6FEC2C3325B5E6F0002C6792 /* Frameworks */ = {
			isa = PBXFrameworksBuildPhase;
			buildActionMask = 2147483647;
			files = (
				6FEC2C3725B5E6F0002C6792 /* Guardian_UI.framework in Frameworks */,
			);
			runOnlyForDeploymentPostprocessing = 0;
		};
/* End PBXFrameworksBuildPhase section */

/* Begin PBXGroup section */
		6FEC2C2325B5E6F0002C6792 = {
			isa = PBXGroup;
			children = (
				6FEC2C2F25B5E6F0002C6792 /* Guardian-UI */,
				6FEC2C3A25B5E6F0002C6792 /* Guardian-UITests */,
				6FEC2C2E25B5E6F0002C6792 /* Products */,
				6FEC2CA825B5E8B3002C6792 /* Frameworks */,
			);
			sourceTree = "<group>";
		};
		6FEC2C2E25B5E6F0002C6792 /* Products */ = {
			isa = PBXGroup;
			children = (
				6FEC2C2D25B5E6F0002C6792 /* Guardian_UI.framework */,
				6FEC2C3625B5E6F0002C6792 /* Guardian-UITests.xctest */,
			);
			name = Products;
			sourceTree = "<group>";
		};
		6FEC2C2F25B5E6F0002C6792 /* Guardian-UI */ = {
			isa = PBXGroup;
			children = (
				6FEC2CC625B5EEA2002C6792 /* Helpers */,
				6FEC2C5C25B5E717002C6792 /* Composer */,
				6FEC2C4D25B5E717002C6792 /* Controller */,
				6FEC2C6525B5E717002C6792 /* Feed.strings */,
				6FEC2C5925B5E717002C6792 /* Interactor */,
				6FEC2C4925B5E717002C6792 /* Presenter */,
				6FEC2C6025B5E717002C6792 /* ViewModel */,
				6FEC2C3025B5E6F0002C6792 /* Guardian_UI.h */,
				6FEC2C3125B5E6F0002C6792 /* Info.plist */,
				6FEC2CF025B63689002C6792 /* feedRouter.swift */,
			);
			path = "Guardian-UI";
			sourceTree = "<group>";
		};
		6FEC2C3A25B5E6F0002C6792 /* Guardian-UITests */ = {
			isa = PBXGroup;
			children = (
				6FEC2C3B25B5E6F0002C6792 /* Guardian_UITests.swift */,
				6FEC2C3D25B5E6F0002C6792 /* Info.plist */,
			);
			path = "Guardian-UITests";
			sourceTree = "<group>";
		};
		6FEC2C4925B5E717002C6792 /* Presenter */ = {
			isa = PBXGroup;
			children = (
				6FEC2C4A25B5E717002C6792 /* FeedPresenter.swift */,
				6FEC2C4B25B5E717002C6792 /* FeedItemPresenter.swift */,
				6FEC2C4C25B5E717002C6792 /* FeedViewPresenter.swift */,
				6FEC2CD225B61FD6002C6792 /* FeedDetailViewPresenter.swift */,
				6FEC2CDA25B62499002C6792 /* FeedDetailPresenter.swift */,
			);
			path = Presenter;
			sourceTree = "<group>";
		};
		6FEC2C4D25B5E717002C6792 /* Controller */ = {
			isa = PBXGroup;
			children = (
				6FEC2C4E25B5E717002C6792 /* FeedItemCellController.swift */,
				6FEC2C4F25B5E717002C6792 /* FeedViewController.swift */,
				6FEC2CCB25B61E07002C6792 /* FeedDetailViewController.swift */,
				6FEC2C5025B5E717002C6792 /* views */,
			);
			path = Controller;
			sourceTree = "<group>";
		};
		6FEC2C5025B5E717002C6792 /* views */ = {
			isa = PBXGroup;
			children = (
				6FEC2C5125B5E717002C6792 /* FeedItemCell.swift */,
				6FEC2C5225B5E717002C6792 /* FeedStoryboard.storyboard */,
				6FEC2C5325B5E717002C6792 /* helpers */,
				6FEC2C5825B5E717002C6792 /* ErrorView.swift */,
			);
			path = views;
			sourceTree = "<group>";
		};
		6FEC2C5325B5E717002C6792 /* helpers */ = {
			isa = PBXGroup;
			children = (
				6FEC2C5425B5E717002C6792 /* UIImageView+Animations.swift */,
				6FEC2C5525B5E717002C6792 /* UITableView+Dequeueing.swift */,
				6FEC2C5625B5E717002C6792 /* UIRefreshControl+Helpers.swift */,
				6FEC2C5725B5E717002C6792 /* UIView+Shimmering.swift */,
			);
			path = helpers;
			sourceTree = "<group>";
		};
		6FEC2C5925B5E717002C6792 /* Interactor */ = {
			isa = PBXGroup;
			children = (
				6FEC2C5A25B5E717002C6792 /* FeedCellInteractor.swift */,
				6FEC2C5B25B5E717002C6792 /* FeedInteractor.swift */,
				6FEC2CCE25B61E75002C6792 /* FeedDetailInteractor.swift */,
			);
			path = Interactor;
			sourceTree = "<group>";
		};
		6FEC2C5C25B5E717002C6792 /* Composer */ = {
			isa = PBXGroup;
			children = (
				6FEC2C5D25B5E717002C6792 /* MainQueueDispatchDecorator.swift */,
				6FEC2C5E25B5E717002C6792 /* WeakRefVirtualProxy.swift */,
				6FEC2C5F25B5E717002C6792 /* FeedUIComposer.swift */,
			);
			path = Composer;
			sourceTree = "<group>";
		};
		6FEC2C6025B5E717002C6792 /* ViewModel */ = {
			isa = PBXGroup;
			children = (
				6FEC2C6125B5E717002C6792 /* FeedLoadingViewModel.swift */,
				6FEC2C6225B5E717002C6792 /* FeedItemViewModel.swift */,
				6FEC2C6325B5E717002C6792 /* FeedViewModel.swift */,
				6FEC2C6425B5E717002C6792 /* FeedErrorViewModel.swift */,
				6FEC2CD725B62041002C6792 /* FeedDetailViewModel.swift */,
			);
			path = ViewModel;
			sourceTree = "<group>";
		};
		6FEC2CA825B5E8B3002C6792 /* Frameworks */ = {
			isa = PBXGroup;
			children = (
				6FEC2CA925B5E8B3002C6792 /* GuardianCore.framework */,
			);
			name = Frameworks;
			sourceTree = "<group>";
		};
		6FEC2CC625B5EEA2002C6792 /* Helpers */ = {
			isa = PBXGroup;
			children = (
				6FEC2CC725B5EEBC002C6792 /* Date+formatter.swift */,
			);
			path = Helpers;
			sourceTree = "<group>";
		};
/* End PBXGroup section */

/* Begin PBXHeadersBuildPhase section */
		6FEC2C2825B5E6F0002C6792 /* Headers */ = {
			isa = PBXHeadersBuildPhase;
			buildActionMask = 2147483647;
			files = (
				6FEC2C3E25B5E6F0002C6792 /* Guardian_UI.h in Headers */,
			);
			runOnlyForDeploymentPostprocessing = 0;
		};
/* End PBXHeadersBuildPhase section */

/* Begin PBXNativeTarget section */
		6FEC2C2C25B5E6F0002C6792 /* Guardian-UI */ = {
			isa = PBXNativeTarget;
			buildConfigurationList = 6FEC2C4125B5E6F0002C6792 /* Build configuration list for PBXNativeTarget "Guardian-UI" */;
			buildPhases = (
				6FEC2C2825B5E6F0002C6792 /* Headers */,
				6FEC2C2925B5E6F0002C6792 /* Sources */,
				6FEC2C2A25B5E6F0002C6792 /* Frameworks */,
				6FEC2C2B25B5E6F0002C6792 /* Resources */,
				6FEC2CAC25B5E8B3002C6792 /* Embed Frameworks */,
			);
			buildRules = (
			);
			dependencies = (
			);
			name = "Guardian-UI";
			productName = "Guardian-UI";
			productReference = 6FEC2C2D25B5E6F0002C6792 /* Guardian_UI.framework */;
			productType = "com.apple.product-type.framework";
		};
		6FEC2C3525B5E6F0002C6792 /* Guardian-UITests */ = {
			isa = PBXNativeTarget;
			buildConfigurationList = 6FEC2C4425B5E6F0002C6792 /* Build configuration list for PBXNativeTarget "Guardian-UITests" */;
			buildPhases = (
				6FEC2C3225B5E6F0002C6792 /* Sources */,
				6FEC2C3325B5E6F0002C6792 /* Frameworks */,
				6FEC2C3425B5E6F0002C6792 /* Resources */,
			);
			buildRules = (
			);
			dependencies = (
				6FEC2C3925B5E6F0002C6792 /* PBXTargetDependency */,
			);
			name = "Guardian-UITests";
			productName = "Guardian-UITests";
			productReference = 6FEC2C3625B5E6F0002C6792 /* Guardian-UITests.xctest */;
			productType = "com.apple.product-type.bundle.unit-test";
		};
/* End PBXNativeTarget section */

/* Begin PBXProject section */
		6FEC2C2425B5E6F0002C6792 /* Project object */ = {
			isa = PBXProject;
			attributes = {
				LastSwiftUpdateCheck = 1200;
				LastUpgradeCheck = 1200;
				TargetAttributes = {
					6FEC2C2C25B5E6F0002C6792 = {
						CreatedOnToolsVersion = 12.0;
					};
					6FEC2C3525B5E6F0002C6792 = {
						CreatedOnToolsVersion = 12.0;
					};
				};
			};
			buildConfigurationList = 6FEC2C2725B5E6F0002C6792 /* Build configuration list for PBXProject "Guardian-UI" */;
			compatibilityVersion = "Xcode 9.3";
			developmentRegion = en;
			hasScannedForEncodings = 0;
			knownRegions = (
				en,
				Base,
			);
			mainGroup = 6FEC2C2325B5E6F0002C6792;
			productRefGroup = 6FEC2C2E25B5E6F0002C6792 /* Products */;
			projectDirPath = "";
			projectRoot = "";
			targets = (
				6FEC2C2C25B5E6F0002C6792 /* Guardian-UI */,
				6FEC2C3525B5E6F0002C6792 /* Guardian-UITests */,
			);
		};
/* End PBXProject section */

/* Begin PBXResourcesBuildPhase section */
		6FEC2C2B25B5E6F0002C6792 /* Resources */ = {
			isa = PBXResourcesBuildPhase;
			buildActionMask = 2147483647;
			files = (
				6FEC2C7B25B5E718002C6792 /* Feed.strings in Resources */,
				6FEC2C6C25B5E718002C6792 /* FeedStoryboard.storyboard in Resources */,
			);
			runOnlyForDeploymentPostprocessing = 0;
		};
		6FEC2C3425B5E6F0002C6792 /* Resources */ = {
			isa = PBXResourcesBuildPhase;
			buildActionMask = 2147483647;
			files = (
			);
			runOnlyForDeploymentPostprocessing = 0;
		};
/* End PBXResourcesBuildPhase section */

/* Begin PBXSourcesBuildPhase section */
		6FEC2C2925B5E6F0002C6792 /* Sources */ = {
			isa = PBXSourcesBuildPhase;
			buildActionMask = 2147483647;
			files = (
				6FEC2C7925B5E718002C6792 /* FeedViewModel.swift in Sources */,
				6FEC2CC825B5EEBC002C6792 /* Date+formatter.swift in Sources */,
				6FEC2C6D25B5E718002C6792 /* UIImageView+Animations.swift in Sources */,
				6FEC2C7025B5E718002C6792 /* UIView+Shimmering.swift in Sources */,
				6FEC2C6B25B5E718002C6792 /* FeedItemCell.swift in Sources */,
				6FEC2CF125B63689002C6792 /* feedRouter.swift in Sources */,
				6FEC2CCC25B61E08002C6792 /* FeedDetailViewController.swift in Sources */,
				6FEC2C6825B5E718002C6792 /* FeedViewPresenter.swift in Sources */,
				6FEC2C6625B5E717002C6792 /* FeedPresenter.swift in Sources */,
				6FEC2C6A25B5E718002C6792 /* FeedViewController.swift in Sources */,
				6FEC2CCF25B61E75002C6792 /* FeedDetailInteractor.swift in Sources */,
				6FEC2C7225B5E718002C6792 /* FeedCellInteractor.swift in Sources */,
				6FEC2C7525B5E718002C6792 /* WeakRefVirtualProxy.swift in Sources */,
				6FEC2C6925B5E718002C6792 /* FeedItemCellController.swift in Sources */,
				6FEC2C7825B5E718002C6792 /* FeedItemViewModel.swift in Sources */,
				6FEC2C7625B5E718002C6792 /* FeedUIComposer.swift in Sources */,
				6FEC2C7725B5E718002C6792 /* FeedLoadingViewModel.swift in Sources */,
				6FEC2CD825B62041002C6792 /* FeedDetailViewModel.swift in Sources */,
				6FEC2C7425B5E718002C6792 /* MainQueueDispatchDecorator.swift in Sources */,
				6FEC2C6F25B5E718002C6792 /* UIRefreshControl+Helpers.swift in Sources */,
				6FEC2C6725B5E718002C6792 /* FeedItemPresenter.swift in Sources */,
				6FEC2C7325B5E718002C6792 /* FeedInteractor.swift in Sources */,
				6FEC2CD325B61FD6002C6792 /* FeedDetailViewPresenter.swift in Sources */,
				6FEC2C7A25B5E718002C6792 /* FeedErrorViewModel.swift in Sources */,
				6FEC2C6E25B5E718002C6792 /* UITableView+Dequeueing.swift in Sources */,
				6FEC2C7125B5E718002C6792 /* ErrorView.swift in Sources */,
				6FEC2CDB25B62499002C6792 /* FeedDetailPresenter.swift in Sources */,
			);
			runOnlyForDeploymentPostprocessing = 0;
		};
		6FEC2C3225B5E6F0002C6792 /* Sources */ = {
			isa = PBXSourcesBuildPhase;
			buildActionMask = 2147483647;
			files = (
				6FEC2C3C25B5E6F0002C6792 /* Guardian_UITests.swift in Sources */,
			);
			runOnlyForDeploymentPostprocessing = 0;
		};
/* End PBXSourcesBuildPhase section */

/* Begin PBXTargetDependency section */
		6FEC2C3925B5E6F0002C6792 /* PBXTargetDependency */ = {
			isa = PBXTargetDependency;
			target = 6FEC2C2C25B5E6F0002C6792 /* Guardian-UI */;
			targetProxy = 6FEC2C3825B5E6F0002C6792 /* PBXContainerItemProxy */;
		};
/* End PBXTargetDependency section */

/* Begin XCBuildConfiguration section */
		6FEC2C3F25B5E6F0002C6792 /* Debug */ = {
			isa = XCBuildConfiguration;
			buildSettings = {
				ALWAYS_SEARCH_USER_PATHS = NO;
				CLANG_ANALYZER_NONNULL = YES;
				CLANG_ANALYZER_NUMBER_OBJECT_CONVERSION = YES_AGGRESSIVE;
				CLANG_CXX_LANGUAGE_STANDARD = "gnu++14";
				CLANG_CXX_LIBRARY = "libc++";
				CLANG_ENABLE_MODULES = YES;
				CLANG_ENABLE_OBJC_ARC = YES;
				CLANG_ENABLE_OBJC_WEAK = YES;
				CLANG_WARN_BLOCK_CAPTURE_AUTORELEASING = YES;
				CLANG_WARN_BOOL_CONVERSION = YES;
				CLANG_WARN_COMMA = YES;
				CLANG_WARN_CONSTANT_CONVERSION = YES;
				CLANG_WARN_DEPRECATED_OBJC_IMPLEMENTATIONS = YES;
				CLANG_WARN_DIRECT_OBJC_ISA_USAGE = YES_ERROR;
				CLANG_WARN_DOCUMENTATION_COMMENTS = YES;
				CLANG_WARN_EMPTY_BODY = YES;
				CLANG_WARN_ENUM_CONVERSION = YES;
				CLANG_WARN_INFINITE_RECURSION = YES;
				CLANG_WARN_INT_CONVERSION = YES;
				CLANG_WARN_NON_LITERAL_NULL_CONVERSION = YES;
				CLANG_WARN_OBJC_IMPLICIT_RETAIN_SELF = YES;
				CLANG_WARN_OBJC_LITERAL_CONVERSION = YES;
				CLANG_WARN_OBJC_ROOT_CLASS = YES_ERROR;
				CLANG_WARN_QUOTED_INCLUDE_IN_FRAMEWORK_HEADER = YES;
				CLANG_WARN_RANGE_LOOP_ANALYSIS = YES;
				CLANG_WARN_STRICT_PROTOTYPES = YES;
				CLANG_WARN_SUSPICIOUS_MOVE = YES;
				CLANG_WARN_UNGUARDED_AVAILABILITY = YES_AGGRESSIVE;
				CLANG_WARN_UNREACHABLE_CODE = YES;
				CLANG_WARN__DUPLICATE_METHOD_MATCH = YES;
				COPY_PHASE_STRIP = NO;
				CURRENT_PROJECT_VERSION = 1;
				DEBUG_INFORMATION_FORMAT = dwarf;
				ENABLE_STRICT_OBJC_MSGSEND = YES;
				ENABLE_TESTABILITY = YES;
				GCC_C_LANGUAGE_STANDARD = gnu11;
				GCC_DYNAMIC_NO_PIC = NO;
				GCC_NO_COMMON_BLOCKS = YES;
				GCC_OPTIMIZATION_LEVEL = 0;
				GCC_PREPROCESSOR_DEFINITIONS = (
					"DEBUG=1",
					"$(inherited)",
				);
				GCC_WARN_64_TO_32_BIT_CONVERSION = YES;
				GCC_WARN_ABOUT_RETURN_TYPE = YES_ERROR;
				GCC_WARN_UNDECLARED_SELECTOR = YES;
				GCC_WARN_UNINITIALIZED_AUTOS = YES_AGGRESSIVE;
				GCC_WARN_UNUSED_FUNCTION = YES;
				GCC_WARN_UNUSED_VARIABLE = YES;
				IPHONEOS_DEPLOYMENT_TARGET = 14.0;
				MTL_ENABLE_DEBUG_INFO = INCLUDE_SOURCE;
				MTL_FAST_MATH = YES;
				ONLY_ACTIVE_ARCH = YES;
				SDKROOT = iphoneos;
				SWIFT_ACTIVE_COMPILATION_CONDITIONS = DEBUG;
				SWIFT_OPTIMIZATION_LEVEL = "-Onone";
				VERSIONING_SYSTEM = "apple-generic";
				VERSION_INFO_PREFIX = "";
			};
			name = Debug;
		};
		6FEC2C4025B5E6F0002C6792 /* Release */ = {
			isa = XCBuildConfiguration;
			buildSettings = {
				ALWAYS_SEARCH_USER_PATHS = NO;
				CLANG_ANALYZER_NONNULL = YES;
				CLANG_ANALYZER_NUMBER_OBJECT_CONVERSION = YES_AGGRESSIVE;
				CLANG_CXX_LANGUAGE_STANDARD = "gnu++14";
				CLANG_CXX_LIBRARY = "libc++";
				CLANG_ENABLE_MODULES = YES;
				CLANG_ENABLE_OBJC_ARC = YES;
				CLANG_ENABLE_OBJC_WEAK = YES;
				CLANG_WARN_BLOCK_CAPTURE_AUTORELEASING = YES;
				CLANG_WARN_BOOL_CONVERSION = YES;
				CLANG_WARN_COMMA = YES;
				CLANG_WARN_CONSTANT_CONVERSION = YES;
				CLANG_WARN_DEPRECATED_OBJC_IMPLEMENTATIONS = YES;
				CLANG_WARN_DIRECT_OBJC_ISA_USAGE = YES_ERROR;
				CLANG_WARN_DOCUMENTATION_COMMENTS = YES;
				CLANG_WARN_EMPTY_BODY = YES;
				CLANG_WARN_ENUM_CONVERSION = YES;
				CLANG_WARN_INFINITE_RECURSION = YES;
				CLANG_WARN_INT_CONVERSION = YES;
				CLANG_WARN_NON_LITERAL_NULL_CONVERSION = YES;
				CLANG_WARN_OBJC_IMPLICIT_RETAIN_SELF = YES;
				CLANG_WARN_OBJC_LITERAL_CONVERSION = YES;
				CLANG_WARN_OBJC_ROOT_CLASS = YES_ERROR;
				CLANG_WARN_QUOTED_INCLUDE_IN_FRAMEWORK_HEADER = YES;
				CLANG_WARN_RANGE_LOOP_ANALYSIS = YES;
				CLANG_WARN_STRICT_PROTOTYPES = YES;
				CLANG_WARN_SUSPICIOUS_MOVE = YES;
				CLANG_WARN_UNGUARDED_AVAILABILITY = YES_AGGRESSIVE;
				CLANG_WARN_UNREACHABLE_CODE = YES;
				CLANG_WARN__DUPLICATE_METHOD_MATCH = YES;
				COPY_PHASE_STRIP = NO;
				CURRENT_PROJECT_VERSION = 1;
				DEBUG_INFORMATION_FORMAT = "dwarf-with-dsym";
				ENABLE_NS_ASSERTIONS = NO;
				ENABLE_STRICT_OBJC_MSGSEND = YES;
				GCC_C_LANGUAGE_STANDARD = gnu11;
				GCC_NO_COMMON_BLOCKS = YES;
				GCC_WARN_64_TO_32_BIT_CONVERSION = YES;
				GCC_WARN_ABOUT_RETURN_TYPE = YES_ERROR;
				GCC_WARN_UNDECLARED_SELECTOR = YES;
				GCC_WARN_UNINITIALIZED_AUTOS = YES_AGGRESSIVE;
				GCC_WARN_UNUSED_FUNCTION = YES;
				GCC_WARN_UNUSED_VARIABLE = YES;
				IPHONEOS_DEPLOYMENT_TARGET = 14.0;
				MTL_ENABLE_DEBUG_INFO = NO;
				MTL_FAST_MATH = YES;
				SDKROOT = iphoneos;
				SWIFT_COMPILATION_MODE = wholemodule;
				SWIFT_OPTIMIZATION_LEVEL = "-O";
				VALIDATE_PRODUCT = YES;
				VERSIONING_SYSTEM = "apple-generic";
				VERSION_INFO_PREFIX = "";
			};
			name = Release;
		};
		6FEC2C4225B5E6F0002C6792 /* Debug */ = {
			isa = XCBuildConfiguration;
			buildSettings = {
				CODE_SIGN_STYLE = Automatic;
				DEFINES_MODULE = YES;
				DEVELOPMENT_TEAM = EDU5993D69;
				DYLIB_COMPATIBILITY_VERSION = 1;
				DYLIB_CURRENT_VERSION = 1;
				DYLIB_INSTALL_NAME_BASE = "@rpath";
				INFOPLIST_FILE = "Guardian-UI/Info.plist";
				INSTALL_PATH = "$(LOCAL_LIBRARY_DIR)/Frameworks";
				LD_RUNPATH_SEARCH_PATHS = (
					"$(inherited)",
					"@executable_path/Frameworks",
					"@loader_path/Frameworks",
				);
				PRODUCT_BUNDLE_IDENTIFIER = "com.mmy.appun.Guardian-UI";
				PRODUCT_NAME = "$(TARGET_NAME:c99extidentifier)";
				SKIP_INSTALL = YES;
				SWIFT_OBJC_BRIDGING_HEADER = "";
				SWIFT_VERSION = 5.0;
				TARGETED_DEVICE_FAMILY = "1,2";
			};
			name = Debug;
		};
		6FEC2C4325B5E6F0002C6792 /* Release */ = {
			isa = XCBuildConfiguration;
			buildSettings = {
				CODE_SIGN_STYLE = Automatic;
				DEFINES_MODULE = YES;
				DEVELOPMENT_TEAM = EDU5993D69;
				DYLIB_COMPATIBILITY_VERSION = 1;
				DYLIB_CURRENT_VERSION = 1;
				DYLIB_INSTALL_NAME_BASE = "@rpath";
				INFOPLIST_FILE = "Guardian-UI/Info.plist";
				INSTALL_PATH = "$(LOCAL_LIBRARY_DIR)/Frameworks";
				LD_RUNPATH_SEARCH_PATHS = (
					"$(inherited)",
					"@executable_path/Frameworks",
					"@loader_path/Frameworks",
				);
				PRODUCT_BUNDLE_IDENTIFIER = "com.mmy.appun.Guardian-UI";
				PRODUCT_NAME = "$(TARGET_NAME:c99extidentifier)";
				SKIP_INSTALL = YES;
				SWIFT_OBJC_BRIDGING_HEADER = "";
				SWIFT_VERSION = 5.0;
				TARGETED_DEVICE_FAMILY = "1,2";
			};
			name = Release;
		};
		6FEC2C4525B5E6F0002C6792 /* Debug */ = {
			isa = XCBuildConfiguration;
			buildSettings = {
				ALWAYS_EMBED_SWIFT_STANDARD_LIBRARIES = YES;
				CODE_SIGN_STYLE = Automatic;
				DEVELOPMENT_TEAM = EDU5993D69;
				INFOPLIST_FILE = "Guardian-UITests/Info.plist";
				LD_RUNPATH_SEARCH_PATHS = (
					"$(inherited)",
					"@executable_path/Frameworks",
					"@loader_path/Frameworks",
				);
				PRODUCT_BUNDLE_IDENTIFIER = "com.mmy.appun.Guardian-UITests";
				PRODUCT_NAME = "$(TARGET_NAME)";
				SWIFT_VERSION = 5.0;
				TARGETED_DEVICE_FAMILY = "1,2";
			};
			name = Debug;
		};
		6FEC2C4625B5E6F0002C6792 /* Release */ = {
			isa = XCBuildConfiguration;
			buildSettings = {
				ALWAYS_EMBED_SWIFT_STANDARD_LIBRARIES = YES;
				CODE_SIGN_STYLE = Automatic;
				DEVELOPMENT_TEAM = EDU5993D69;
				INFOPLIST_FILE = "Guardian-UITests/Info.plist";
				LD_RUNPATH_SEARCH_PATHS = (
					"$(inherited)",
					"@executable_path/Frameworks",
					"@loader_path/Frameworks",
				);
				PRODUCT_BUNDLE_IDENTIFIER = "com.mmy.appun.Guardian-UITests";
				PRODUCT_NAME = "$(TARGET_NAME)";
				SWIFT_VERSION = 5.0;
				TARGETED_DEVICE_FAMILY = "1,2";
			};
			name = Release;
		};
/* End XCBuildConfiguration section */

/* Begin XCConfigurationList section */
		6FEC2C2725B5E6F0002C6792 /* Build configuration list for PBXProject "Guardian-UI" */ = {
			isa = XCConfigurationList;
			buildConfigurations = (
				6FEC2C3F25B5E6F0002C6792 /* Debug */,
				6FEC2C4025B5E6F0002C6792 /* Release */,
			);
			defaultConfigurationIsVisible = 0;
			defaultConfigurationName = Release;
		};
		6FEC2C4125B5E6F0002C6792 /* Build configuration list for PBXNativeTarget "Guardian-UI" */ = {
			isa = XCConfigurationList;
			buildConfigurations = (
				6FEC2C4225B5E6F0002C6792 /* Debug */,
				6FEC2C4325B5E6F0002C6792 /* Release */,
			);
			defaultConfigurationIsVisible = 0;
			defaultConfigurationName = Release;
		};
		6FEC2C4425B5E6F0002C6792 /* Build configuration list for PBXNativeTarget "Guardian-UITests" */ = {
			isa = XCConfigurationList;
			buildConfigurations = (
				6FEC2C4525B5E6F0002C6792 /* Debug */,
				6FEC2C4625B5E6F0002C6792 /* Release */,
			);
			defaultConfigurationIsVisible = 0;
			defaultConfigurationName = Release;
		};
/* End XCConfigurationList section */
	};
	rootObject = 6FEC2C2425B5E6F0002C6792 /* Project object */;
}
